
Microsoft Visual Studio Solution File, Format Version 12.00
# Visual Studio Version 17
VisualStudioVersion = 17.14.36414.22 d17.14
MinimumVisualStudioVersion = 10.0.40219.1
Project("{FAE04EC0-301F-11D3-BF4B-00C04F79EFBC}") = "MyPdfEditor", "MyPdfEditor\MyPdfEditor.csproj", "{18DD5220-166C-48E1-9441-4DFBB7B9835C}"
EndProject
Global
	GlobalSection(SolutionConfigurationPlatforms) = preSolution
		Debug|Any CPU = Debug|Any CPU
		Release|Any CPU = Release|Any CPU
	EndGlobalSection
	GlobalSection(ProjectConfigurationPlatforms) = postSolution
		{18DD5220-166C-48E1-9441-4DFBB7B9835C}.Debug|Any CPU.ActiveCfg = Debug|Any CPU
		{18DD5220-166C-48E1-9441-4DFBB7B9835C}.Debug|Any CPU.Build.0 = Debug|Any CPU
		{18DD5220-166C-48E1-9441-4DFBB7B9835C}.Release|Any CPU.ActiveCfg = Release|Any CPU
		{18DD5220-166C-48E1-9441-4DFBB7B9835C}.Release|Any CPU.Build.0 = Release|Any CPU
	EndGlobalSection
	GlobalSection(SolutionProperties) = preSolution
		HideSolutionNode = FALSE
	EndGlobalSection
	GlobalSection(ExtensibilityGlobals) = postSolution
		SolutionGuid = {C2635FC0-8A19-4C4E-828A-0F01A7E27597}
	EndGlobalSection
EndGlobal
